
Microsoft Visual Studio Solution File, Format Version 12.00
# Visual Studio 15
VisualStudioVersion = 15.0.28307.1585
MinimumVisualStudioVersion = 10.0.40219.1
Project("{9A19103F-16F7-4668-BE54-9A1E7A4F7556}") = "EmployeeManamentSystem", "EmployeeManamentSystem\EmployeeManamentSystem.csproj", "{D239D1AF-2A94-4F3C-9B0B-A68C14696319}"
EndProject
Global
	GlobalSection(SolutionConfigurationPlatforms) = preSolution
		Debug|Any CPU = Debug|Any CPU
		Release|Any CPU = Release|Any CPU
	EndGlobalSection
	GlobalSection(ProjectConfigurationPlatforms) = postSolution
		{D239D1AF-2A94-4F3C-9B0B-A68C14696319}.Debug|Any CPU.ActiveCfg = Debug|Any CPU
		{D239D1AF-2A94-4F3C-9B0B-A68C14696319}.Debug|Any CPU.Build.0 = Debug|Any CPU
		{D239D1AF-2A94-4F3C-9B0B-A68C14696319}.Release|Any CPU.ActiveCfg = Release|Any CPU
		{D239D1AF-2A94-4F3C-9B0B-A68C14696319}.Release|Any CPU.Build.0 = Release|Any CPU
	EndGlobalSection
	GlobalSection(SolutionProperties) = preSolution
		HideSolutionNode = FALSE
	EndGlobalSection
	GlobalSection(ExtensibilityGlobals) = postSolution
		SolutionGuid = {74D2EC0D-653C-401E-99F1-0AF4BBDF928A}
	EndGlobalSection
EndGlobal
